# This file is automatically @generated by Cargo.
# It is not intended for manual editing.
version = 3

[[package]]
name = "image2ascii"
version = "0.1.0"
dependencies = [
 "zune-core",
 "zune-jpeg",
]

[[package]]
name = "zune-core"
version = "0.4.12"
source = "registry+https://github.com/rust-lang/crates.io-index"
checksum = "3f423a2c17029964870cfaabb1f13dfab7d092a62a29a89264f4d36990ca414a"

[[package]]
name = "zune-jpeg"
version = "0.4.11"
source = "registry+https://github.com/rust-lang/crates.io-index"
checksum = "ec866b44a2a1fd6133d363f073ca1b179f438f99e7e5bfb1e33f7181facfe448"
dependencies = [
 "zune-core",
]
